{
    "_meta": {
        "hash": {
            "sha256": "deb7d43521064ff53c66b5e6c1cf159ba2c350d87e68e0b73eff9de6f0038577"
        },
        "pipfile-spec": 6,
        "requires": {
            "python_full_version": "3.9.13",
            "python_version": "3.9"
        },
        "sources": [
            {
                "name": "pypi",
                "url": "https://pypi.org/simple",
                "verify_ssl": true
            }
        ]
    },
    "default": {
        "asgiref": {
            "hashes": [
                "sha256:71e68008da809b957b7ee4b43dbccff33d1b23519fb8344e33f049897077afac",
                "sha256:9567dfe7bd8d3c8c892227827c41cce860b368104c3431da67a0c5a65a949506"
            ],
            "index": "pypi",
            "version": "==3.6.0"
        },
        "django": {
            "hashes": [
                "sha256:0b223bfa55511f950ff741983d408d78d772351284c75e9f77d2b830b6b4d148",
                "sha256:d38a4e108d2386cb9637da66a82dc8d0733caede4c83c4afdbda78af4214211b"
            ],
            "index": "pypi",
            "version": "==4.1.4"
        },
        "psycopg2-binary": {
            "hashes": [
                "sha256:00475004e5ed3e3bf5e056d66e5dcdf41a0dc62efcd57997acd9135c40a08a50",
                "sha256:01ad49d68dd8c5362e4bfb4158f2896dc6e0c02e87b8a3770fc003459f1a4425",
                "sha256:024030b13bdcbd53d8a93891a2cf07719715724fc9fee40243f3bd78b4264b8f",
                "sha256:02551647542f2bf89073d129c73c05a25c372fc0a49aa50e0de65c3c143d8bd0",
                "sha256:043a9fd45a03858ff72364b4b75090679bd875ee44df9c0613dc862ca6b98460",
                "sha256:05b3d479425e047c848b9782cd7aac9c6727ce23181eb9647baf64ffdfc3da41",
                "sha256:0775d6252ccb22b15da3b5d7adbbf8cfe284916b14b6dc0ff503a23edb01ee85",
                "sha256:1764546ffeaed4f9428707be61d68972eb5ede81239b46a45843e0071104d0dd",
                "sha256:1e491e6489a6cb1d079df8eaa15957c277fdedb102b6a68cfbf40c4994412fd0",
                "sha256:212757ffcecb3e1a5338d4e6761bf9c04f750e7d027117e74aa3cd8a75bb6fbd",
                "sha256:215d6bf7e66732a514f47614f828d8c0aaac9a648c46a831955cb103473c7147",
                "sha256:25382c7d174c679ce6927c16b6fbb68b10e56ee44b1acb40671e02d29f2fce7c",
                "sha256:2abccab84d057723d2ca8f99ff7b619285d40da6814d50366f61f0fc385c3903",
                "sha256:2d964eb24c8b021623df1c93c626671420c6efadbdb8655cb2bd5e0c6fa422ba",
                "sha256:2ec46ed947801652c9643e0b1dc334cfb2781232e375ba97312c2fc256597632",
                "sha256:2ef892cabdccefe577088a79580301f09f2a713eb239f4f9f62b2b29cafb0577",
                "sha256:33e632d0885b95a8b97165899006c40e9ecdc634a529dca7b991eb7de4ece41c",
                "sha256:3520d7af1ebc838cc6084a3281145d5cd5bdd43fdef139e6db5af01b92596cb7",
                "sha256:3d790f84201c3698d1bfb404c917f36e40531577a6dda02e45ba29b64d539867",
                "sha256:3fc33295cfccad697a97a76dec3f1e94ad848b7b163c3228c1636977966b51e2",
                "sha256:422e3d43b47ac20141bc84b3d342eead8d8099a62881a501e97d15f6addabfe9",
                "sha256:426c2ae999135d64e6a18849a7d1ad0e1bd007277e4a8f4752eaa40a96b550ff",
                "sha256:46512486be6fbceef51d7660dec017394ba3e170299d1dc30928cbedebbf103a",
                "sha256:46850a640df62ae940e34a163f72e26aca1f88e2da79148e1862faaac985c302",
                "sha256:484405b883630f3e74ed32041a87456c5e0e63a8e3429aa93e8714c366d62bd1",
                "sha256:4e7904d1920c0c89105c0517dc7e3f5c20fb4e56ba9cdef13048db76947f1d79",
                "sha256:56b2957a145f816726b109ee3d4e6822c23f919a7d91af5a94593723ed667835",
                "sha256:5c6527c8efa5226a9e787507652dd5ba97b62d29b53c371a85cd13f957fe4d42",
                "sha256:5cbc554ba47ecca8cd3396ddaca85e1ecfe3e48dd57dc5e415e59551affe568e",
                "sha256:5d28ecdf191db558d0c07d0f16524ee9d67896edf2b7990eea800abeb23ebd61",
                "sha256:5fc447058d083b8c6ac076fc26b446d44f0145308465d745fba93a28c14c9e32",
                "sha256:63e318dbe52709ed10d516a356f22a635e07a2e34c68145484ed96a19b0c4c68",
                "sha256:68d81a2fe184030aa0c5c11e518292e15d342a667184d91e30644c9d533e53e1",
                "sha256:6e63814ec71db9bdb42905c925639f319c80e7909fb76c3b84edc79dadef8d60",
                "sha256:6f8a9bcab7b6db2e3dbf65b214dfc795b4c6b3bb3af922901b6a67f7cb47d5f8",
                "sha256:70831e03bd53702c941da1a1ad36c17d825a24fbb26857b40913d58df82ec18b",
                "sha256:74eddec4537ab1f701a1647214734bc52cee2794df748f6ae5908e00771f180a",
                "sha256:7b3751857da3e224f5629400736a7b11e940b5da5f95fa631d86219a1beaafec",
                "sha256:7cf1d44e710ca3a9ce952bda2855830fe9f9017ed6259e01fcd71ea6287565f5",
                "sha256:7d07f552d1e412f4b4e64ce386d4c777a41da3b33f7098b6219012ba534fb2c2",
                "sha256:7d88db096fa19d94f433420eaaf9f3c45382da2dd014b93e4bf3215639047c16",
                "sha256:7ee3095d02d6f38bd7d9a5358fcc9ea78fcdb7176921528dd709cc63f40184f5",
                "sha256:902844f9c4fb19b17dfa84d9e2ca053d4a4ba265723d62ea5c9c26b38e0aa1e6",
                "sha256:937880290775033a743f4836aa253087b85e62784b63fd099ee725d567a48aa1",
                "sha256:95076399ec3b27a8f7fa1cc9a83417b1c920d55cf7a97f718a94efbb96c7f503",
                "sha256:9c38d3869238e9d3409239bc05bc27d6b7c99c2a460ea337d2814b35fb4fea1b",
                "sha256:9e32cedc389bcb76d9f24ea8a012b3cb8385ee362ea437e1d012ffaed106c17d",
                "sha256:9ffdc51001136b699f9563b1c74cc1f8c07f66ef7219beb6417a4c8aaa896c28",
                "sha256:a0adef094c49f242122bb145c3c8af442070dc0e4312db17e49058c1702606d4",
                "sha256:a36a0e791805aa136e9cbd0ffa040d09adec8610453ee8a753f23481a0057af5",
                "sha256:a7e518a0911c50f60313cb9e74a169a65b5d293770db4770ebf004245f24b5c5",
                "sha256:af0516e1711995cb08dc19bbd05bec7dbdebf4185f68870595156718d237df3e",
                "sha256:b8104f709590fff72af801e916817560dbe1698028cd0afe5a52d75ceb1fce5f",
                "sha256:b911dfb727e247340d36ae20c4b9259e4a64013ab9888ccb3cbba69b77fd9636",
                "sha256:b9a794cef1d9c1772b94a72eec6da144c18e18041d294a9ab47669bc77a80c1d",
                "sha256:b9c33d4aef08dfecbd1736ceab8b7b3c4358bf10a0121483e5cd60d3d308cc64",
                "sha256:b9d38a4656e4e715d637abdf7296e98d6267df0cc0a8e9a016f8ba07e4aa3eeb",
                "sha256:bcda1c84a1c533c528356da5490d464a139b6e84eb77cc0b432e38c5c6dd7882",
                "sha256:bef7e3f9dc6f0c13afdd671008534be5744e0e682fb851584c8c3a025ec09720",
                "sha256:c15ba5982c177bc4b23a7940c7e4394197e2d6a424a2d282e7c236b66da6d896",
                "sha256:c5254cbd4f4855e11cebf678c1a848a3042d455a22a4ce61349c36aafd4c2267",
                "sha256:c5682a45df7d9642eff590abc73157c887a68f016df0a8ad722dcc0f888f56d7",
                "sha256:c5e65c6ac0ae4bf5bef1667029f81010b6017795dcb817ba5c7b8a8d61fab76f",
                "sha256:d4c7b3a31502184e856df1f7bbb2c3735a05a8ce0ade34c5277e1577738a5c91",
                "sha256:d892bfa1d023c3781a3cab8dd5af76b626c483484d782e8bd047c180db590e4c",
                "sha256:dbc332beaf8492b5731229a881807cd7b91b50dbbbaf7fe2faf46942eda64a24",
                "sha256:dc85b3777068ed30aff8242be2813038a929f2084f69e43ef869daddae50f6ee",
                "sha256:e59137cdb970249ae60be2a49774c6dfb015bd0403f05af1fe61862e9626642d",
                "sha256:e67b3c26e9b6d37b370c83aa790bbc121775c57bfb096c2e77eacca25fd0233b",
                "sha256:e72c91bda9880f097c8aa3601a2c0de6c708763ba8128006151f496ca9065935",
                "sha256:f95b8aca2703d6a30249f83f4fe6a9abf2e627aa892a5caaab2267d56be7ab69"
            ],
            "index": "pypi",
            "version": "==2.9.5"
        },
        "pydantic": {
            "hashes": [
                "sha256:000a7d934e182f6e368340382338dea5423b0503a3a5cafd3f2b75e684fe67f2",
                "sha256:01d450f1b6a642c98f58630e807f7554df0a8ce669ffaff087ce9e1fd4ff7ec8",
                "sha256:0627a759a14dc47cdca10e3590c86df368d96b46b23db44c986286656007d253",
                "sha256:106302e18978c22c51b013d347db6ef5589776137663b16dc77ea3162bc82711",
                "sha256:1cf20586026691c7aa59f0372488a75699194ab6ff7142577d585272b45e12ba",
                "sha256:3701a2971a8d0c7274b28a2d3fa9146390a51e7ffda4bc2406d10fda64d6f727",
                "sha256:38dc429316685a3b13ca008c907e2cc9e164068e49612b5284d7cbb01504c3a3",
                "sha256:495ad4077575e2629f775a7635c4f383d279b3de2439880b76ce27758db98902",
                "sha256:5f918f2dcd740ac3b2603a1a8bf091a151385a31d02fac5903a2bbf2336d2025",
                "sha256:5fa3374562b3d4ea45bdff711c01854e5ce6c9ca9e2f37a6e94313412249000e",
                "sha256:6804f70ebf7e1d37bf8e0d0baf2bee20e3b07229b600db4c46eddd5f3738308a",
                "sha256:762a6560e6d31d0a5558ee95cdece616dd6d92c94e3a9a41fb46f2d733a66f49",
                "sha256:810e1510da10bc6c59300221ba55e17cfb7b62279fe87c6466f9e293975a6dd5",
                "sha256:85bbea6c5b9bbd07532a875ab09a6d4987d89eb5566c6b8d2cc60f2dcdec5300",
                "sha256:85e48eb95c39a5fd4500d148e8330d878fafe9e3eca6c253bdf0bd0af2b71371",
                "sha256:89aef6dc6b7c6ae2dea27eea5fde6b5c766397a6c765c19414713dbc832a245d",
                "sha256:8e7c2d9ffca1124e751db9ae529968dbbcefd0b8db69ce958bb7cf777716e7b8",
                "sha256:9197d3f22eefa113bcb0564cfc5812ccf889aaff08a6459c9ed04796b8f88c14",
                "sha256:9862e881689e1c067c11b307513465e6509647f9f10e3c48d100120351449087",
                "sha256:9ee33436a271e46ed3be422cb23f8c75c2dce53abf7259b7dd173ed1b7cabb66",
                "sha256:a63805997d1ab9082c2c89017d3368369689660a35a7d8a8fccb67f77d5cf4d8",
                "sha256:a83e92f7311c703fb1d64dba81d1e374786465a4e260b0616f731401e1f875a8",
                "sha256:ac2a986c200c1739ce1a358d545f133d3a50b896c88c0c02a35c661120d85692",
                "sha256:b4efd2e1f63cdd0877e24ca5d5edd7dc65a24b915da04e67b1fe485a0f7f3508",
                "sha256:bf121ec413f943803e9401fae0e58898bf9e68a97bdd9eea4d055499936a2e75",
                "sha256:c50085e5ebd9da2e7d67353969185f6a6c190ed4142f93a46aa294c8213c466a",
                "sha256:d15d22b5d666b7b610d9a99a73de6b27be8982ee3af4de0cb32586ee72557f25",
                "sha256:d21cca3b77f9a7a69f51991e26780427396226a5a576c72635e25b8439dd0170",
                "sha256:d29e5353593117937901a6329c7295955eacbf4856a0c01da5319f416ad18967",
                "sha256:ddcec93519cb0ea63d0d7e8462042b46191020f862b88302815586707f4e8acc",
                "sha256:df2fa7102d1bec588d360833777d47772ce7f6aecc0335be43de710a8d034f42",
                "sha256:e580ec5dcb7ff6861ef2de3b7c8a9af4112691bebd392221ed70de57fe846ae9",
                "sha256:e8b895bf2faf61dba6ab9990e01e99d0b96e3d6a23e810d85060a51fbc27e1dc",
                "sha256:ec151222823911a72aeb3c855947fe10b31e718484b233eb7d2d98a5df3d3c7b",
                "sha256:ef012251ca6bc899f0b5a9239c527dec30915462f35c3a58aab6ddff09708484",
                "sha256:f7eb71ad9fb1f6911ca2b7010039a9d61a3f14bd4f60a1c57e9250f8d87375fb"
            ],
            "index": "pypi",
            "version": "==1.10.3"
        },
        "sqlparse": {
            "hashes": [
                "sha256:0323c0ec29cd52bceabc1b4d9d579e311f3e4961b98d174201d5622a23b85e34",
                "sha256:69ca804846bb114d2ec380e4360a8a340db83f0ccf3afceeb1404df028f57268"
            ],
            "index": "pypi",
            "version": "==0.4.3"
        },
        "typing-extensions": {
            "hashes": [
                "sha256:1511434bb92bf8dd198c12b1cc812e800d4181cfcb867674e0f8279cc93087aa",
                "sha256:16fa4864408f655d35ec496218b85f79b3437c829e93320c7c9215ccfd92489e"
            ],
            "index": "pypi",
            "version": "==4.4.0"
        },
        "tzdata": {
            "hashes": [
                "sha256:2b88858b0e3120792a3c0635c23daf36a7d7eeeca657c323da299d2094402a0d",
                "sha256:fe5f866eddd8b96e9fcba978f8e503c909b19ea7efda11e52e39494bad3a7bfa"
            ],
            "index": "pypi",
            "version": "==2022.7"
        }
    },
    "develop": {}
}
